<?xml version="1.0" encoding="utf-8"?>
<Project ToolsVersion="4.0" xmlns="http://schemas.microsoft.com/developer/msbuild/2003">
  <ItemGroup>
    <ClInclude Include="Common\CommonHeaders.h" />
    <ClInclude Include="Common\CustomTypes.h" />
    <ClInclude Include="Common\Id.h" />
    <ClInclude Include="ECS\ECSCommon.h" />
    <ClInclude Include="ECS\GameObject.h" />
    <ClInclude Include="ECS\Components\Transform.h" />
  </ItemGroup>
  <ItemGroup>
    <ClCompile Include="ECS\GameObject.cpp" />
  </ItemGroup>
</Project>